
Microsoft Visual Studio Solution File, Format Version 12.00
# Visual Studio Version 17
VisualStudioVersion = 17.0.31903.59
MinimumVisualStudioVersion = 10.0.40219.1
Project("{FAE04EC0-301F-11D3-BF4B-00C04F79EFBC}") = "StockExchangeEA.Schemas", "StockExchangeEA.Schemas\StockExchangeEA.Schemas.csproj", "{F4679808-AB31-43D5-AD91-5563ED86D34F}"
EndProject
Project("{FAE04EC0-301F-11D3-BF4B-00C04F79EFBC}") = "StockExchangeEA.Trainer", "StockExchangeEA.Trainer\StockExchangeEA.Trainer.csproj", "{ECBC171B-9EBF-4D0E-B9C6-357814AD4BF4}"
EndProject
Project("{FAE04EC0-301F-11D3-BF4B-00C04F79EFBC}") = "StockExchangeEA.Api", "StockExchangeEA.Api\StockExchangeEA.Api.csproj", "{161C369D-0789-4702-98BD-39C84C09299C}"
EndProject
Global
	GlobalSection(SolutionConfigurationPlatforms) = preSolution
		Debug|Any CPU = Debug|Any CPU
		Debug|x64 = Debug|x64
		Debug|x86 = Debug|x86
		Release|Any CPU = Release|Any CPU
		Release|x64 = Release|x64
		Release|x86 = Release|x86
	EndGlobalSection
	GlobalSection(ProjectConfigurationPlatforms) = postSolution
		{F4679808-AB31-43D5-AD91-5563ED86D34F}.Debug|Any CPU.ActiveCfg = Debug|Any CPU
		{F4679808-AB31-43D5-AD91-5563ED86D34F}.Debug|Any CPU.Build.0 = Debug|Any CPU
		{F4679808-AB31-43D5-AD91-5563ED86D34F}.Debug|x64.ActiveCfg = Debug|Any CPU
		{F4679808-AB31-43D5-AD91-5563ED86D34F}.Debug|x64.Build.0 = Debug|Any CPU
		{F4679808-AB31-43D5-AD91-5563ED86D34F}.Debug|x86.ActiveCfg = Debug|Any CPU
		{F4679808-AB31-43D5-AD91-5563ED86D34F}.Debug|x86.Build.0 = Debug|Any CPU
		{F4679808-AB31-43D5-AD91-5563ED86D34F}.Release|Any CPU.ActiveCfg = Release|Any CPU
		{F4679808-AB31-43D5-AD91-5563ED86D34F}.Release|Any CPU.Build.0 = Release|Any CPU
		{F4679808-AB31-43D5-AD91-5563ED86D34F}.Release|x64.ActiveCfg = Release|Any CPU
		{F4679808-AB31-43D5-AD91-5563ED86D34F}.Release|x64.Build.0 = Release|Any CPU
		{F4679808-AB31-43D5-AD91-5563ED86D34F}.Release|x86.ActiveCfg = Release|Any CPU
		{F4679808-AB31-43D5-AD91-5563ED86D34F}.Release|x86.Build.0 = Release|Any CPU
		{ECBC171B-9EBF-4D0E-B9C6-357814AD4BF4}.Debug|Any CPU.ActiveCfg = Debug|Any CPU
		{ECBC171B-9EBF-4D0E-B9C6-357814AD4BF4}.Debug|Any CPU.Build.0 = Debug|Any CPU
		{ECBC171B-9EBF-4D0E-B9C6-357814AD4BF4}.Debug|x64.ActiveCfg = Debug|Any CPU
		{ECBC171B-9EBF-4D0E-B9C6-357814AD4BF4}.Debug|x64.Build.0 = Debug|Any CPU
		{ECBC171B-9EBF-4D0E-B9C6-357814AD4BF4}.Debug|x86.ActiveCfg = Debug|Any CPU
		{ECBC171B-9EBF-4D0E-B9C6-357814AD4BF4}.Debug|x86.Build.0 = Debug|Any CPU
		{ECBC171B-9EBF-4D0E-B9C6-357814AD4BF4}.Release|Any CPU.ActiveCfg = Release|Any CPU
		{ECBC171B-9EBF-4D0E-B9C6-357814AD4BF4}.Release|Any CPU.Build.0 = Release|Any CPU
		{ECBC171B-9EBF-4D0E-B9C6-357814AD4BF4}.Release|x64.ActiveCfg = Release|Any CPU
		{ECBC171B-9EBF-4D0E-B9C6-357814AD4BF4}.Release|x64.Build.0 = Release|Any CPU
		{ECBC171B-9EBF-4D0E-B9C6-357814AD4BF4}.Release|x86.ActiveCfg = Release|Any CPU
		{ECBC171B-9EBF-4D0E-B9C6-357814AD4BF4}.Release|x86.Build.0 = Release|Any CPU
		{161C369D-0789-4702-98BD-39C84C09299C}.Debug|Any CPU.ActiveCfg = Debug|Any CPU
		{161C369D-0789-4702-98BD-39C84C09299C}.Debug|Any CPU.Build.0 = Debug|Any CPU
		{161C369D-0789-4702-98BD-39C84C09299C}.Debug|x64.ActiveCfg = Debug|Any CPU
		{161C369D-0789-4702-98BD-39C84C09299C}.Debug|x64.Build.0 = Debug|Any CPU
		{161C369D-0789-4702-98BD-39C84C09299C}.Debug|x86.ActiveCfg = Debug|Any CPU
		{161C369D-0789-4702-98BD-39C84C09299C}.Debug|x86.Build.0 = Debug|Any CPU
		{161C369D-0789-4702-98BD-39C84C09299C}.Release|Any CPU.ActiveCfg = Release|Any CPU
		{161C369D-0789-4702-98BD-39C84C09299C}.Release|Any CPU.Build.0 = Release|Any CPU
		{161C369D-0789-4702-98BD-39C84C09299C}.Release|x64.ActiveCfg = Release|Any CPU
		{161C369D-0789-4702-98BD-39C84C09299C}.Release|x64.Build.0 = Release|Any CPU
		{161C369D-0789-4702-98BD-39C84C09299C}.Release|x86.ActiveCfg = Release|Any CPU
		{161C369D-0789-4702-98BD-39C84C09299C}.Release|x86.Build.0 = Release|Any CPU
	EndGlobalSection
	GlobalSection(SolutionProperties) = preSolution
		HideSolutionNode = FALSE
	EndGlobalSection
EndGlobal
